# This file is generated by running "yarn install" inside your project.
# Manual changes might be lost - proceed with caution!

__metadata:
  version: 4
  cacheKey: 8

"inner-root@workspace:.":
  version: 0.0.0-use.local
  resolution: "inner-root@workspace:."
  dependencies:
    typescript: ^4.2.4
  languageName: unknown
  linkType: soft

"package-b@workspace:packages/package-b":
  version: 0.0.0-use.local
  resolution: "package-b@workspace:packages/package-b"
  dependencies:
    typescript: ^4.2.4
  languageName: unknown
  linkType: soft

typescript@^4.2.4:
  version: 4.2.4
  resolution: "typescript@npm:4.2.4"
  bin:
    tsc: bin/tsc
    tsserver: bin/tsserver
  checksum: 89c397df192f239359ad798b96d8e8d552e12c0c189ac5676cec4c20c410d6eec636b8e59a88f2aef0a56d961a9678d99c400099be9b7cae2f7b062eb4b7b171
  languageName: node
  linkType: hard

"typescript@patch:typescript@^4.2.4#~builtin<compat/typescript>":
  version: 4.2.4
  resolution: "typescript@patch:typescript@npm%3A4.2.4#~builtin<compat/typescript>::version=4.2.4&hash=34ad7d"
  bin:
    tsc: bin/tsc
    tsserver: bin/tsserver
  checksum: 083de437033ea11e57b0c66305a2c1d6d05e9383e57de2af405b0833ab68bd96d82d1f4f317fac06f3420410a006244648cf70278f58b3b4d55632dc7aeb8d4a
  languageName: node
  linkType: hard
